// !$*UTF8*$!
{
	archiveVersion = 1;
	classes = {
	};
	objectVersion = 46;
	objects = {

/* Begin PBXBuildFile section */
		2FAD604C1E5D037B00C670DA /* AppDelegate.swift in Sources */ = {isa = PBXBuildFile; fileRef = 2FAD604B1E5D037B00C670DA /* AppDelegate.swift */; };
		2FAD604E1E5D037B00C670DA /* ViewController.swift in Sources */ = {isa = PBXBuildFile; fileRef = 2FAD604D1E5D037B00C670DA /* ViewController.swift */; };
		2FAD60511E5D037B00C670DA /* Main.storyboard in Resources */ = {isa = PBXBuildFile; fileRef = 2FAD604F1E5D037B00C670DA /* Main.storyboard */; };
		2FAD60531E5D037B00C670DA /* Assets.xcassets in Resources */ = {isa = PBXBuildFile; fileRef = 2FAD60521E5D037B00C670DA /* Assets.xcassets */; };
		2FAD60561E5D037B00C670DA /* LaunchScreen.storyboard in Resources */ = {isa = PBXBuildFile; fileRef = 2FAD60541E5D037B00C670DA /* LaunchScreen.storyboard */; };
/* End PBXBuildFile section */

/* Begin PBXFileReference section */
		2FAD60481E5D037B00C670DA /* AlertsDemo.app */ = {isa = PBXFileReference; explicitFileType = wrapper.application; includeInIndex = 0; path = AlertsDemo.app; sourceTree = BUILT_PRODUCTS_DIR; };
		2FAD604B1E5D037B00C670DA /* AppDelegate.swift */ = {isa = PBXFileReference; lastKnownFileType = sourcecode.swift; path = AppDelegate.swift; sourceTree = "<group>"; };
		2FAD604D1E5D037B00C670DA /* ViewController.swift */ = {isa = PBXFileReference; lastKnownFileType = sourcecode.swift; path = ViewController.swift; sourceTree = "<group>"; };
		2FAD60501E5D037B00C670DA /* Base */ = {isa = PBXFileReference; lastKnownFileType = file.storyboard; name = Base; path = Base.lproj/Main.storyboard; sourceTree = "<group>"; };
		2FAD60521E5D037B00C670DA /* Assets.xcassets */ = {isa = PBXFileReference; lastKnownFileType = folder.assetcatalog; path = Assets.xcassets; sourceTree = "<group>"; };
		2FAD60551E5D037B00C670DA /* Base */ = {isa = PBXFileReference; lastKnownFileType = file.storyboard; name = Base; path = Base.lproj/LaunchScreen.storyboard; sourceTree = "<group>"; };
		2FAD60571E5D037B00C670DA /* Info.plist */ = {isa = PBXFileReference; lastKnownFileType = text.plist.xml; path = Info.plist; sourceTree = "<group>"; };
/* End PBXFileReference section */

/* Begin PBXFrameworksBuildPhase section */
		2FAD60451E5D037A00C670DA /* Frameworks */ = {
			isa = PBXFrameworksBuildPhase;
			buildActionMask = 2147483647;
			files = (
			);
			runOnlyForDeploymentPostprocessing = 0;
		};
/* End PBXFrameworksBuildPhase section */

/* Begin PBXGroup section */
		2FAD603F1E5D037A00C670DA = {
			isa = PBXGroup;
			children = (
				2FAD604A1E5D037B00C670DA /* AlertsDemo */,
				2FAD60491E5D037B00C670DA /* Products */,
			);
			sourceTree = "<group>";
		};
		2FAD60491E5D037B00C670DA /* Products */ = {
			isa = PBXGroup;
			children = (
				2FAD60481E5D037B00C670DA /* AlertsDemo.app */,
			);
			name = Products;
			sourceTree = "<group>";
		};
		2FAD604A1E5D037B00C670DA /* AlertsDemo */ = {
			isa = PBXGroup;
			children = (
				2FAD604B1E5D037B00C670DA /* AppDelegate.swift */,
				2FAD604D1E5D037B00C670DA /* ViewController.swift */,
				2FAD604F1E5D037B00C670DA /* Main.storyboard */,
				2FAD60521E5D037B00C670DA /* Assets.xcassets */,
				2FAD60541E5D037B00C670DA /* LaunchScreen.storyboard */,
				2FAD60571E5D037B00C670DA /* Info.plist */,
			);
			path = AlertsDemo;
			sourceTree = "<group>";
		};
/* End PBXGroup section */

/* Begin PBXNativeTarget section */
		2FAD60471E5D037A00C670DA /* AlertsDemo */ = {
			isa = PBXNativeTarget;
			buildConfigurationList = 2FAD605A1E5D037B00C670DA /* Build configuration list for PBXNativeTarget "AlertsDemo" */;
			buildPhases = (
				2FAD60441E5D037A00C670DA /* Sources */,
				2FAD60451E5D037A00C670DA /* Frameworks */,
				2FAD60461E5D037A00C670DA /* Resources */,
			);
			buildRules = (
			);
			dependencies = (
			);
			name = AlertsDemo;
			productName = AlertsDemo;
			productReference = 2FAD60481E5D037B00C670DA /* AlertsDemo.app */;
			productType = "com.apple.product-type.application";
		};
/* End PBXNativeTarget section */

/* Begin PBXProject section */
		2FAD60401E5D037A00C670DA /* Project object */ = {
			isa = PBXProject;
			attributes = {
				LastSwiftUpdateCheck = 0820;
				LastUpgradeCheck = 0820;
				ORGANIZATIONNAME = "Kameron Haramoto";
				TargetAttributes = {
					2FAD60471E5D037A00C670DA = {
						CreatedOnToolsVersion = 8.2.1;
						ProvisioningStyle = Automatic;
					};
				};
			};
			buildConfigurationList = 2FAD60431E5D037A00C670DA /* Build configuration list for PBXProject "AlertsDemo" */;
			compatibilityVersion = "Xcode 3.2";
			developmentRegion = English;
			hasScannedForEncodings = 0;
			knownRegions = (
				en,
				Base,
			);
			mainGroup = 2FAD603F1E5D037A00C670DA;
			productRefGroup = 2FAD60491E5D037B00C670DA /* Products */;
			projectDirPath = "";
			projectRoot = "";
			targets = (
				2FAD60471E5D037A00C670DA /* AlertsDemo */,
			);
		};
/* End PBXProject section */

/* Begin PBXResourcesBuildPhase section */
		2FAD60461E5D037A00C670DA /* Resources */ = {
			isa = PBXResourcesBuildPhase;
			buildActionMask = 2147483647;
			files = (
				2FAD60561E5D037B00C670DA /* LaunchScreen.storyboard in Resources */,
				2FAD60531E5D037B00C670DA /* Assets.xcassets in Resources */,
				2FAD60511E5D037B00C670DA /* Main.storyboard in Resources */,
			);
			runOnlyForDeploymentPostprocessing = 0;
		};
/* End PBXResourcesBuildPhase section */

/* Begin PBXSourcesBuildPhase section */
		2FAD60441E5D037A00C670DA /* Sources */ = {
			isa = PBXSourcesBuildPhase;
			buildActionMask = 2147483647;
			files = (
				2FAD604E1E5D037B00C670DA /* ViewController.swift in Sources */,
				2FAD604C1E5D037B00C670DA /* AppDelegate.swift in Sources */,
			);
			runOnlyForDeploymentPostprocessing = 0;
		};
/* End PBXSourcesBuildPhase section */

/* Begin PBXVariantGroup section */
		2FAD604F1E5D037B00C670DA /* Main.storyboard */ = {
			isa = PBXVariantGroup;
			children = (
				2FAD60501E5D037B00C670DA /* Base */,
			);
			name = Main.storyboard;
			sourceTree = "<group>";
		};
		2FAD60541E5D037B00C670DA /* LaunchScreen.storyboard */ = {
			isa = PBXVariantGroup;
			children = (
				2FAD60551E5D037B00C670DA /* Base */,
			);
			name = LaunchScreen.storyboard;
			sourceTree = "<group>";
		};
/* End PBXVariantGroup section */

/* Begin XCBuildConfiguration section */
		2FAD60581E5D037B00C670DA /* Debug */ = {
			isa = XCBuildConfiguration;
			buildSettings = {
				ALWAYS_SEARCH_USER_PATHS = NO;
				CLANG_ANALYZER_NONNULL = YES;
				CLANG_CXX_LANGUAGE_STANDARD = "gnu++0x";
				CLANG_CXX_LIBRARY = "libc++";
				CLANG_ENABLE_MODULES = YES;
				CLANG_ENABLE_OBJC_ARC = YES;
				CLANG_WARN_BOOL_CONVERSION = YES;
				CLANG_WARN_CONSTANT_CONVERSION = YES;
				CLANG_WARN_DIRECT_OBJC_ISA_USAGE = YES_ERROR;
				CLANG_WARN_DOCUMENTATION_COMMENTS = YES;
				CLANG_WARN_EMPTY_BODY = YES;
				CLANG_WARN_ENUM_CONVERSION = YES;
				CLANG_WARN_INFINITE_RECURSION = YES;
				CLANG_WARN_INT_CONVERSION = YES;
				CLANG_WARN_OBJC_ROOT_CLASS = YES_ERROR;
				CLANG_WARN_SUSPICIOUS_MOVE = YES;
				CLANG_WARN_UNREACHABLE_CODE = YES;
				CLANG_WARN__DUPLICATE_METHOD_MATCH = YES;
				"CODE_SIGN_IDENTITY[sdk=iphoneos*]" = "iPhone Developer";
				COPY_PHASE_STRIP = NO;
				DEBUG_INFORMATION_FORMAT = dwarf;
				ENABLE_STRICT_OBJC_MSGSEND = YES;
				ENABLE_TESTABILITY = YES;
				GCC_C_LANGUAGE_STANDARD = gnu99;
				GCC_DYNAMIC_NO_PIC = NO;
				GCC_NO_COMMON_BLOCKS = YES;
				GCC_OPTIMIZATION_LEVEL = 0;
				GCC_PREPROCESSOR_DEFINITIONS = (
					"DEBUG=1",
					"$(inherited)",
				);
				GCC_WARN_64_TO_32_BIT_CONVERSION = YES;
				GCC_WARN_ABOUT_RETURN_TYPE = YES_ERROR;
				GCC_WARN_UNDECLARED_SELECTOR = YES;
				GCC_WARN_UNINITIALIZED_AUTOS = YES_AGGRESSIVE;
				GCC_WARN_UNUSED_FUNCTION = YES;
				GCC_WARN_UNUSED_VARIABLE = YES;
				IPHONEOS_DEPLOYMENT_TARGET = 10.2;
				MTL_ENABLE_DEBUG_INFO = YES;
				ONLY_ACTIVE_ARCH = YES;
				SDKROOT = iphoneos;
				SWIFT_ACTIVE_COMPILATION_CONDITIONS = DEBUG;
				SWIFT_OPTIMIZATION_LEVEL = "-Onone";
				TARGETED_DEVICE_FAMILY = "1,2";
			};
			name = Debug;
		};
		2FAD60591E5D037B00C670DA /* Release */ = {
			isa = XCBuildConfiguration;
			buildSettings = {
				ALWAYS_SEARCH_USER_PATHS = NO;
				CLANG_ANALYZER_NONNULL = YES;
				CLANG_CXX_LANGUAGE_STANDARD = "gnu++0x";
				CLANG_CXX_LIBRARY = "libc++";
				CLANG_ENABLE_MODULES = YES;
				CLANG_ENABLE_OBJC_ARC = YES;
				CLANG_WARN_BOOL_CONVERSION = YES;
				CLANG_WARN_CONSTANT_CONVERSION = YES;
				CLANG_WARN_DIRECT_OBJC_ISA_USAGE = YES_ERROR;
				CLANG_WARN_DOCUMENTATION_COMMENTS = YES;
				CLANG_WARN_EMPTY_BODY = YES;
				CLANG_WARN_ENUM_CONVERSION = YES;
				CLANG_WARN_INFINITE_RECURSION = YES;
				CLANG_WARN_INT_CONVERSION = YES;
				CLANG_WARN_OBJC_ROOT_CLASS = YES_ERROR;
				CLANG_WARN_SUSPICIOUS_MOVE = YES;
				CLANG_WARN_UNREACHABLE_CODE = YES;
				CLANG_WARN__DUPLICATE_METHOD_MATCH = YES;
				"CODE_SIGN_IDENTITY[sdk=iphoneos*]" = "iPhone Developer";
				COPY_PHASE_STRIP = NO;
				DEBUG_INFORMATION_FORMAT = "dwarf-with-dsym";
				ENABLE_NS_ASSERTIONS = NO;
				ENABLE_STRICT_OBJC_MSGSEND = YES;
				GCC_C_LANGUAGE_STANDARD = gnu99;
				GCC_NO_COMMON_BLOCKS = YES;
				GCC_WARN_64_TO_32_BIT_CONVERSION = YES;
				GCC_WARN_ABOUT_RETURN_TYPE = YES_ERROR;
				GCC_WARN_UNDECLARED_SELECTOR = YES;
				GCC_WARN_UNINITIALIZED_AUTOS = YES_AGGRESSIVE;
				GCC_WARN_UNUSED_FUNCTION = YES;
				GCC_WARN_UNUSED_VARIABLE = YES;
				IPHONEOS_DEPLOYMENT_TARGET = 10.2;
				MTL_ENABLE_DEBUG_INFO = NO;
				SDKROOT = iphoneos;
				SWIFT_OPTIMIZATION_LEVEL = "-Owholemodule";
				TARGETED_DEVICE_FAMILY = "1,2";
				VALIDATE_PRODUCT = YES;
			};
			name = Release;
		};
		2FAD605B1E5D037B00C670DA /* Debug */ = {
			isa = XCBuildConfiguration;
			buildSettings = {
				ASSETCATALOG_COMPILER_APPICON_NAME = AppIcon;
				INFOPLIST_FILE = AlertsDemo/Info.plist;
				LD_RUNPATH_SEARCH_PATHS = "$(inherited) @executable_path/Frameworks";
				PRODUCT_BUNDLE_IDENTIFIER = maga.AlertsDemo;
				PRODUCT_NAME = "$(TARGET_NAME)";
				SWIFT_VERSION = 3.0;
			};
			name = Debug;
		};
		2FAD605C1E5D037B00C670DA /* Release */ = {
			isa = XCBuildConfiguration;
			buildSettings = {
				ASSETCATALOG_COMPILER_APPICON_NAME = AppIcon;
				INFOPLIST_FILE = AlertsDemo/Info.plist;
				LD_RUNPATH_SEARCH_PATHS = "$(inherited) @executable_path/Frameworks";
				PRODUCT_BUNDLE_IDENTIFIER = maga.AlertsDemo;
				PRODUCT_NAME = "$(TARGET_NAME)";
				SWIFT_VERSION = 3.0;
			};
			name = Release;
		};
/* End XCBuildConfiguration section */

/* Begin XCConfigurationList section */
		2FAD60431E5D037A00C670DA /* Build configuration list for PBXProject "AlertsDemo" */ = {
			isa = XCConfigurationList;
			buildConfigurations = (
				2FAD60581E5D037B00C670DA /* Debug */,
				2FAD60591E5D037B00C670DA /* Release */,
			);
			defaultConfigurationIsVisible = 0;
			defaultConfigurationName = Release;
		};
		2FAD605A1E5D037B00C670DA /* Build configuration list for PBXNativeTarget "AlertsDemo" */ = {
			isa = XCConfigurationList;
			buildConfigurations = (
				2FAD605B1E5D037B00C670DA /* Debug */,
				2FAD605C1E5D037B00C670DA /* Release */,
			);
			defaultConfigurationIsVisible = 0;
		};
/* End XCConfigurationList section */
	};
	rootObject = 2FAD60401E5D037A00C670DA /* Project object */;
}
